
Microsoft Visual Studio Solution File, Format Version 12.00
# Visual Studio 15
Project("{FAE04EC0-301F-11D3-BF4B-00C04F79EFBC}") = "DiscordApexBot", "DiscordApexBot\DiscordApexBot.csproj", "{1A56BE73-5AAF-4042-BD86-258D6182D36B}"
EndProject
Global
	GlobalSection(SolutionConfigurationPlatforms) = preSolution
		Debug|x86 = Debug|x86
		Release|x86 = Release|x86
	EndGlobalSection
	GlobalSection(ProjectConfigurationPlatforms) = postSolution
		{1A56BE73-5AAF-4042-BD86-258D6182D36B}.Debug|x86.ActiveCfg = Debug|x86
		{1A56BE73-5AAF-4042-BD86-258D6182D36B}.Debug|x86.Build.0 = Debug|x86
		{1A56BE73-5AAF-4042-BD86-258D6182D36B}.Release|x86.ActiveCfg = Release|x86
		{1A56BE73-5AAF-4042-BD86-258D6182D36B}.Release|x86.Build.0 = Release|x86
	EndGlobalSection
EndGlobal
